
Microsoft Visual Studio Solution File, Format Version 12.00
# Visual Studio Version 17
VisualStudioVersion = 17.7.34003.232
MinimumVisualStudioVersion = 10.0.40219.1
Project("{9A19103F-16F7-4668-BE54-9A1E7A4F7556}") = "DevFreela.API", "DevFreela.API\DevFreela.API.csproj", "{953A8ED8-C5E3-4261-9299-893D5F7F0AEC}"
EndProject
Project("{FAE04EC0-301F-11D3-BF4B-00C04F79EFBC}") = "DevFreela.Core", "DevFreela.Core\DevFreela.Core.csproj", "{46A7E848-FCBD-4971-9B6B-60F6A4E1CC75}"
EndProject
Global
	GlobalSection(SolutionConfigurationPlatforms) = preSolution
		Debug|Any CPU = Debug|Any CPU
		Release|Any CPU = Release|Any CPU
	EndGlobalSection
	GlobalSection(ProjectConfigurationPlatforms) = postSolution
		{953A8ED8-C5E3-4261-9299-893D5F7F0AEC}.Debug|Any CPU.ActiveCfg = Debug|Any CPU
		{953A8ED8-C5E3-4261-9299-893D5F7F0AEC}.Debug|Any CPU.Build.0 = Debug|Any CPU
		{953A8ED8-C5E3-4261-9299-893D5F7F0AEC}.Release|Any CPU.ActiveCfg = Release|Any CPU
		{953A8ED8-C5E3-4261-9299-893D5F7F0AEC}.Release|Any CPU.Build.0 = Release|Any CPU
		{46A7E848-FCBD-4971-9B6B-60F6A4E1CC75}.Debug|Any CPU.ActiveCfg = Debug|Any CPU
		{46A7E848-FCBD-4971-9B6B-60F6A4E1CC75}.Debug|Any CPU.Build.0 = Debug|Any CPU
		{46A7E848-FCBD-4971-9B6B-60F6A4E1CC75}.Release|Any CPU.ActiveCfg = Release|Any CPU
		{46A7E848-FCBD-4971-9B6B-60F6A4E1CC75}.Release|Any CPU.Build.0 = Release|Any CPU
	EndGlobalSection
	GlobalSection(SolutionProperties) = preSolution
		HideSolutionNode = FALSE
	EndGlobalSection
	GlobalSection(ExtensibilityGlobals) = postSolution
		SolutionGuid = {A786BE0A-EAA0-4103-85EB-8F62672E8F76}
	EndGlobalSection
EndGlobal
